{
  "name": "@indra.ai/deva.systems",
  "version": "0.0.12",
  "lockfileVersion": 3,
  "requires": true,
  "packages": {
    "": {
      "name": "@indra.ai/deva.systems",
      "version": "0.0.12",
      "license": "MIT",
      "devDependencies": {
        "@indra.ai/deva": "^1.4.14"
      }
    },
    "node_modules/@indra.ai/deva": {
      "version": "1.4.14",
      "resolved": "https://registry.npmjs.org/@indra.ai/deva/-/deva-1.4.14.tgz",
      "integrity": "sha512-Dg51T2zAQRLpPZd3TVrsjcsDbfDV3mHoc1JV3msI0Dp+D9qE/5kmFiSA6+bgNlM8PG8Fds7Vb63Ho7+c0TLiRg==",
      "dev": true,
      "funding": [
        {
          "type": "paypal",
          "url": "https://paypal.me/rahulaclub"
        },
        {
          "type": "patreon",
          "url": "https://patreon.com/rahulaclub"
        }
      ],
      "license": "Unlicense",
      "engines": {
        "node": ">=18.16.0",
        "npm": ">=9.5.1"
      }
    }
  }
}
