{
  "name": "@indra.ai/deva.systems",
  "version": "0.0.26",
  "lockfileVersion": 3,
  "requires": true,
  "packages": {
    "": {
      "name": "@indra.ai/deva.systems",
      "version": "0.0.26",
      "license": "MIT",
      "devDependencies": {
        "@indra.ai/deva": "^1.5.38"
      }
    },
    "node_modules/@indra.ai/deva": {
      "version": "1.5.38",
      "resolved": "https://registry.npmjs.org/@indra.ai/deva/-/deva-1.5.38.tgz",
      "integrity": "sha512-iSTZp1iJHTTL/7fajgg0MbwV4ka/+TTy92yVT5O0CpouP9wpuh8iSVjcTlRPQpG3UZGYuSHglyaLd9Wepz7BRA==",
      "dev": true,
      "funding": [
        {
          "type": "paypal",
          "url": "https://paypal.me/rahulaclub"
        },
        {
          "type": "patreon",
          "url": "https://patreon.com/rahulaclub"
        }
      ],
      "license": "Unlicense",
      "engines": {
        "node": ">=18.16.0",
        "npm": ">=9.5.1"
      }
    }
  }
}
