{
  "name": "@indra.ai/deva.systems",
  "version": "0.0.114",
  "lockfileVersion": 3,
  "requires": true,
  "packages": {
    "": {
      "name": "@indra.ai/deva.systems",
      "version": "0.0.114",
      "funding": [
        {
          "type": "paypal",
          "url": "https://paypal.me/rahulaclub"
        },
        {
          "type": "patreon",
          "url": "https://patreon.com/rahulaclub"
        }
      ],
      "license": "VLA:60252329136616836513 LICENSE.md",
      "devDependencies": {
        "@indra.ai/deva": "^1.8.7"
      }
    },
    "node_modules/@indra.ai/deva": {
      "version": "1.8.7",
      "resolved": "https://registry.npmjs.org/@indra.ai/deva/-/deva-1.8.7.tgz",
      "integrity": "sha512-gblQtN6LhRDBlSLtJAWPrkbgBHhly4iSiCSGS4juR92RQszjSbMd+5RYrqQ8kZSSx1WRNzpCfKIG7Ams+xd4vQ==",
      "dev": true,
      "funding": [
        {
          "type": "paypal",
          "url": "https://paypal.me/rahulaclub"
        },
        {
          "type": "patreon",
          "url": "https://patreon.com/rahulaclub"
        }
      ],
      "license": "VLA:44091450722329207445 LICENSE.md",
      "engines": {
        "node": ">=18.16.0",
        "npm": ">=9.5.1"
      }
    }
  }
}
